// !$*UTF8*$!
{
	archiveVersion = 1;
	classes = {
	};
	objectVersion = 55;
	objects = {

/* Begin PBXBuildFile section */
		A6F2B5992701339B00E6390F /* USSpendingApp.swift in Sources */ = {isa = PBXBuildFile; fileRef = A6F2B5982701339B00E6390F /* USSpendingApp.swift */; };
		A6F2B59B2701339B00E6390F /* ContentView.swift in Sources */ = {isa = PBXBuildFile; fileRef = A6F2B59A2701339B00E6390F /* ContentView.swift */; };
		A6F2B59D2701339F00E6390F /* Assets.xcassets in Resources */ = {isa = PBXBuildFile; fileRef = A6F2B59C2701339F00E6390F /* Assets.xcassets */; };
		A6F2B5A02701339F00E6390F /* Preview Assets.xcassets in Resources */ = {isa = PBXBuildFile; fileRef = A6F2B59F2701339F00E6390F /* Preview Assets.xcassets */; };
		A6F2B5AA2701339F00E6390F /* USSpendingTests.swift in Sources */ = {isa = PBXBuildFile; fileRef = A6F2B5A92701339F00E6390F /* USSpendingTests.swift */; };
		A6F2B5B42701339F00E6390F /* USSpendingUITests.swift in Sources */ = {isa = PBXBuildFile; fileRef = A6F2B5B32701339F00E6390F /* USSpendingUITests.swift */; };
		A6F2B5B62701339F00E6390F /* USSpendingUITestsLaunchTests.swift in Sources */ = {isa = PBXBuildFile; fileRef = A6F2B5B52701339F00E6390F /* USSpendingUITestsLaunchTests.swift */; };
/* End PBXBuildFile section */

/* Begin PBXContainerItemProxy section */
		A6F2B5A62701339F00E6390F /* PBXContainerItemProxy */ = {
			isa = PBXContainerItemProxy;
			containerPortal = A6F2B58D2701339B00E6390F /* Project object */;
			proxyType = 1;
			remoteGlobalIDString = A6F2B5942701339B00E6390F;
			remoteInfo = USSpending;
		};
		A6F2B5B02701339F00E6390F /* PBXContainerItemProxy */ = {
			isa = PBXContainerItemProxy;
			containerPortal = A6F2B58D2701339B00E6390F /* Project object */;
			proxyType = 1;
			remoteGlobalIDString = A6F2B5942701339B00E6390F;
			remoteInfo = USSpending;
		};
/* End PBXContainerItemProxy section */

/* Begin PBXFileReference section */
		A6F2B5952701339B00E6390F /* USSpending.app */ = {isa = PBXFileReference; explicitFileType = wrapper.application; includeInIndex = 0; path = USSpending.app; sourceTree = BUILT_PRODUCTS_DIR; };
		A6F2B5982701339B00E6390F /* USSpendingApp.swift */ = {isa = PBXFileReference; lastKnownFileType = sourcecode.swift; path = USSpendingApp.swift; sourceTree = "<group>"; };
		A6F2B59A2701339B00E6390F /* ContentView.swift */ = {isa = PBXFileReference; lastKnownFileType = sourcecode.swift; path = ContentView.swift; sourceTree = "<group>"; };
		A6F2B59C2701339F00E6390F /* Assets.xcassets */ = {isa = PBXFileReference; lastKnownFileType = folder.assetcatalog; path = Assets.xcassets; sourceTree = "<group>"; };
		A6F2B59F2701339F00E6390F /* Preview Assets.xcassets */ = {isa = PBXFileReference; lastKnownFileType = folder.assetcatalog; path = "Preview Assets.xcassets"; sourceTree = "<group>"; };
		A6F2B5A52701339F00E6390F /* USSpendingTests.xctest */ = {isa = PBXFileReference; explicitFileType = wrapper.cfbundle; includeInIndex = 0; path = USSpendingTests.xctest; sourceTree = BUILT_PRODUCTS_DIR; };
		A6F2B5A92701339F00E6390F /* USSpendingTests.swift */ = {isa = PBXFileReference; lastKnownFileType = sourcecode.swift; path = USSpendingTests.swift; sourceTree = "<group>"; };
		A6F2B5AF2701339F00E6390F /* USSpendingUITests.xctest */ = {isa = PBXFileReference; explicitFileType = wrapper.cfbundle; includeInIndex = 0; path = USSpendingUITests.xctest; sourceTree = BUILT_PRODUCTS_DIR; };
		A6F2B5B32701339F00E6390F /* USSpendingUITests.swift */ = {isa = PBXFileReference; lastKnownFileType = sourcecode.swift; path = USSpendingUITests.swift; sourceTree = "<group>"; };
		A6F2B5B52701339F00E6390F /* USSpendingUITestsLaunchTests.swift */ = {isa = PBXFileReference; lastKnownFileType = sourcecode.swift; path = USSpendingUITestsLaunchTests.swift; sourceTree = "<group>"; };
/* End PBXFileReference section */

/* Begin PBXFrameworksBuildPhase section */
		A6F2B5922701339B00E6390F /* Frameworks */ = {
			isa = PBXFrameworksBuildPhase;
			buildActionMask = 2147483647;
			files = (
			);
			runOnlyForDeploymentPostprocessing = 0;
		};
		A6F2B5A22701339F00E6390F /* Frameworks */ = {
			isa = PBXFrameworksBuildPhase;
			buildActionMask = 2147483647;
			files = (
			);
			runOnlyForDeploymentPostprocessing = 0;
		};
		A6F2B5AC2701339F00E6390F /* Frameworks */ = {
			isa = PBXFrameworksBuildPhase;
			buildActionMask = 2147483647;
			files = (
			);
			runOnlyForDeploymentPostprocessing = 0;
		};
/* End PBXFrameworksBuildPhase section */

/* Begin PBXGroup section */
		A6F2B58C2701339B00E6390F = {
			isa = PBXGroup;
			children = (
				A6F2B5972701339B00E6390F /* USSpending */,
				A6F2B5A82701339F00E6390F /* USSpendingTests */,
				A6F2B5B22701339F00E6390F /* USSpendingUITests */,
				A6F2B5962701339B00E6390F /* Products */,
			);
			sourceTree = "<group>";
		};
		A6F2B5962701339B00E6390F /* Products */ = {
			isa = PBXGroup;
			children = (
				A6F2B5952701339B00E6390F /* USSpending.app */,
				A6F2B5A52701339F00E6390F /* USSpendingTests.xctest */,
				A6F2B5AF2701339F00E6390F /* USSpendingUITests.xctest */,
			);
			name = Products;
			sourceTree = "<group>";
		};
		A6F2B5972701339B00E6390F /* USSpending */ = {
			isa = PBXGroup;
			children = (
				A6F2B5982701339B00E6390F /* USSpendingApp.swift */,
				A6F2B59A2701339B00E6390F /* ContentView.swift */,
				A6F2B59C2701339F00E6390F /* Assets.xcassets */,
				A6F2B59E2701339F00E6390F /* Preview Content */,
			);
			path = USSpending;
			sourceTree = "<group>";
		};
		A6F2B59E2701339F00E6390F /* Preview Content */ = {
			isa = PBXGroup;
			children = (
				A6F2B59F2701339F00E6390F /* Preview Assets.xcassets */,
			);
			path = "Preview Content";
			sourceTree = "<group>";
		};
		A6F2B5A82701339F00E6390F /* USSpendingTests */ = {
			isa = PBXGroup;
			children = (
				A6F2B5A92701339F00E6390F /* USSpendingTests.swift */,
			);
			path = USSpendingTests;
			sourceTree = "<group>";
		};
		A6F2B5B22701339F00E6390F /* USSpendingUITests */ = {
			isa = PBXGroup;
			children = (
				A6F2B5B32701339F00E6390F /* USSpendingUITests.swift */,
				A6F2B5B52701339F00E6390F /* USSpendingUITestsLaunchTests.swift */,
			);
			path = USSpendingUITests;
			sourceTree = "<group>";
		};
/* End PBXGroup section */

/* Begin PBXNativeTarget section */
		A6F2B5942701339B00E6390F /* USSpending */ = {
			isa = PBXNativeTarget;
			buildConfigurationList = A6F2B5B92701339F00E6390F /* Build configuration list for PBXNativeTarget "USSpending" */;
			buildPhases = (
				A6F2B5912701339B00E6390F /* Sources */,
				A6F2B5922701339B00E6390F /* Frameworks */,
				A6F2B5932701339B00E6390F /* Resources */,
			);
			buildRules = (
			);
			dependencies = (
			);
			name = USSpending;
			productName = USSpending;
			productReference = A6F2B5952701339B00E6390F /* USSpending.app */;
			productType = "com.apple.product-type.application";
		};
		A6F2B5A42701339F00E6390F /* USSpendingTests */ = {
			isa = PBXNativeTarget;
			buildConfigurationList = A6F2B5BC2701339F00E6390F /* Build configuration list for PBXNativeTarget "USSpendingTests" */;
			buildPhases = (
				A6F2B5A12701339F00E6390F /* Sources */,
				A6F2B5A22701339F00E6390F /* Frameworks */,
				A6F2B5A32701339F00E6390F /* Resources */,
			);
			buildRules = (
			);
			dependencies = (
				A6F2B5A72701339F00E6390F /* PBXTargetDependency */,
			);
			name = USSpendingTests;
			productName = USSpendingTests;
			productReference = A6F2B5A52701339F00E6390F /* USSpendingTests.xctest */;
			productType = "com.apple.product-type.bundle.unit-test";
		};
		A6F2B5AE2701339F00E6390F /* USSpendingUITests */ = {
			isa = PBXNativeTarget;
			buildConfigurationList = A6F2B5BF2701339F00E6390F /* Build configuration list for PBXNativeTarget "USSpendingUITests" */;
			buildPhases = (
				A6F2B5AB2701339F00E6390F /* Sources */,
				A6F2B5AC2701339F00E6390F /* Frameworks */,
				A6F2B5AD2701339F00E6390F /* Resources */,
			);
			buildRules = (
			);
			dependencies = (
				A6F2B5B12701339F00E6390F /* PBXTargetDependency */,
			);
			name = USSpendingUITests;
			productName = USSpendingUITests;
			productReference = A6F2B5AF2701339F00E6390F /* USSpendingUITests.xctest */;
			productType = "com.apple.product-type.bundle.ui-testing";
		};
/* End PBXNativeTarget section */

/* Begin PBXProject section */
		A6F2B58D2701339B00E6390F /* Project object */ = {
			isa = PBXProject;
			attributes = {
				BuildIndependentTargetsInParallel = 1;
				LastSwiftUpdateCheck = 1300;
				LastUpgradeCheck = 1300;
				TargetAttributes = {
					A6F2B5942701339B00E6390F = {
						CreatedOnToolsVersion = 13.0;
					};
					A6F2B5A42701339F00E6390F = {
						CreatedOnToolsVersion = 13.0;
						TestTargetID = A6F2B5942701339B00E6390F;
					};
					A6F2B5AE2701339F00E6390F = {
						CreatedOnToolsVersion = 13.0;
						TestTargetID = A6F2B5942701339B00E6390F;
					};
				};
			};
			buildConfigurationList = A6F2B5902701339B00E6390F /* Build configuration list for PBXProject "USSpending" */;
			compatibilityVersion = "Xcode 13.0";
			developmentRegion = en;
			hasScannedForEncodings = 0;
			knownRegions = (
				en,
				Base,
			);
			mainGroup = A6F2B58C2701339B00E6390F;
			productRefGroup = A6F2B5962701339B00E6390F /* Products */;
			projectDirPath = "";
			projectRoot = "";
			targets = (
				A6F2B5942701339B00E6390F /* USSpending */,
				A6F2B5A42701339F00E6390F /* USSpendingTests */,
				A6F2B5AE2701339F00E6390F /* USSpendingUITests */,
			);
		};
/* End PBXProject section */

/* Begin PBXResourcesBuildPhase section */
		A6F2B5932701339B00E6390F /* Resources */ = {
			isa = PBXResourcesBuildPhase;
			buildActionMask = 2147483647;
			files = (
				A6F2B5A02701339F00E6390F /* Preview Assets.xcassets in Resources */,
				A6F2B59D2701339F00E6390F /* Assets.xcassets in Resources */,
			);
			runOnlyForDeploymentPostprocessing = 0;
		};
		A6F2B5A32701339F00E6390F /* Resources */ = {
			isa = PBXResourcesBuildPhase;
			buildActionMask = 2147483647;
			files = (
			);
			runOnlyForDeploymentPostprocessing = 0;
		};
		A6F2B5AD2701339F00E6390F /* Resources */ = {
			isa = PBXResourcesBuildPhase;
			buildActionMask = 2147483647;
			files = (
			);
			runOnlyForDeploymentPostprocessing = 0;
		};
/* End PBXResourcesBuildPhase section */

/* Begin PBXSourcesBuildPhase section */
		A6F2B5912701339B00E6390F /* Sources */ = {
			isa = PBXSourcesBuildPhase;
			buildActionMask = 2147483647;
			files = (
				A6F2B59B2701339B00E6390F /* ContentView.swift in Sources */,
				A6F2B5992701339B00E6390F /* USSpendingApp.swift in Sources */,
			);
			runOnlyForDeploymentPostprocessing = 0;
		};
		A6F2B5A12701339F00E6390F /* Sources */ = {
			isa = PBXSourcesBuildPhase;
			buildActionMask = 2147483647;
			files = (
				A6F2B5AA2701339F00E6390F /* USSpendingTests.swift in Sources */,
			);
			runOnlyForDeploymentPostprocessing = 0;
		};
		A6F2B5AB2701339F00E6390F /* Sources */ = {
			isa = PBXSourcesBuildPhase;
			buildActionMask = 2147483647;
			files = (
				A6F2B5B62701339F00E6390F /* USSpendingUITestsLaunchTests.swift in Sources */,
				A6F2B5B42701339F00E6390F /* USSpendingUITests.swift in Sources */,
			);
			runOnlyForDeploymentPostprocessing = 0;
		};
/* End PBXSourcesBuildPhase section */

/* Begin PBXTargetDependency section */
		A6F2B5A72701339F00E6390F /* PBXTargetDependency */ = {
			isa = PBXTargetDependency;
			target = A6F2B5942701339B00E6390F /* USSpending */;
			targetProxy = A6F2B5A62701339F00E6390F /* PBXContainerItemProxy */;
		};
		A6F2B5B12701339F00E6390F /* PBXTargetDependency */ = {
			isa = PBXTargetDependency;
			target = A6F2B5942701339B00E6390F /* USSpending */;
			targetProxy = A6F2B5B02701339F00E6390F /* PBXContainerItemProxy */;
		};
/* End PBXTargetDependency section */

/* Begin XCBuildConfiguration section */
		A6F2B5B72701339F00E6390F /* Debug */ = {
			isa = XCBuildConfiguration;
			buildSettings = {
				ALWAYS_SEARCH_USER_PATHS = NO;
				CLANG_ANALYZER_NONNULL = YES;
				CLANG_ANALYZER_NUMBER_OBJECT_CONVERSION = YES_AGGRESSIVE;
				CLANG_CXX_LANGUAGE_STANDARD = "gnu++17";
				CLANG_CXX_LIBRARY = "libc++";
				CLANG_ENABLE_MODULES = YES;
				CLANG_ENABLE_OBJC_ARC = YES;
				CLANG_ENABLE_OBJC_WEAK = YES;
				CLANG_WARN_BLOCK_CAPTURE_AUTORELEASING = YES;
				CLANG_WARN_BOOL_CONVERSION = YES;
				CLANG_WARN_COMMA = YES;
				CLANG_WARN_CONSTANT_CONVERSION = YES;
				CLANG_WARN_DEPRECATED_OBJC_IMPLEMENTATIONS = YES;
				CLANG_WARN_DIRECT_OBJC_ISA_USAGE = YES_ERROR;
				CLANG_WARN_DOCUMENTATION_COMMENTS = YES;
				CLANG_WARN_EMPTY_BODY = YES;
				CLANG_WARN_ENUM_CONVERSION = YES;
				CLANG_WARN_INFINITE_RECURSION = YES;
				CLANG_WARN_INT_CONVERSION = YES;
				CLANG_WARN_NON_LITERAL_NULL_CONVERSION = YES;
				CLANG_WARN_OBJC_IMPLICIT_RETAIN_SELF = YES;
				CLANG_WARN_OBJC_LITERAL_CONVERSION = YES;
				CLANG_WARN_OBJC_ROOT_CLASS = YES_ERROR;
				CLANG_WARN_QUOTED_INCLUDE_IN_FRAMEWORK_HEADER = YES;
				CLANG_WARN_RANGE_LOOP_ANALYSIS = YES;
				CLANG_WARN_STRICT_PROTOTYPES = YES;
				CLANG_WARN_SUSPICIOUS_MOVE = YES;
				CLANG_WARN_UNGUARDED_AVAILABILITY = YES_AGGRESSIVE;
				CLANG_WARN_UNREACHABLE_CODE = YES;
				CLANG_WARN__DUPLICATE_METHOD_MATCH = YES;
				COPY_PHASE_STRIP = NO;
				DEBUG_INFORMATION_FORMAT = dwarf;
				ENABLE_STRICT_OBJC_MSGSEND = YES;
				ENABLE_TESTABILITY = YES;
				GCC_C_LANGUAGE_STANDARD = gnu11;
				GCC_DYNAMIC_NO_PIC = NO;
				GCC_NO_COMMON_BLOCKS = YES;
				GCC_OPTIMIZATION_LEVEL = 0;
				GCC_PREPROCESSOR_DEFINITIONS = (
					"DEBUG=1",
					"$(inherited)",
				);
				GCC_WARN_64_TO_32_BIT_CONVERSION = YES;
				GCC_WARN_ABOUT_RETURN_TYPE = YES_ERROR;
				GCC_WARN_UNDECLARED_SELECTOR = YES;
				GCC_WARN_UNINITIALIZED_AUTOS = YES_AGGRESSIVE;
				GCC_WARN_UNUSED_FUNCTION = YES;
				GCC_WARN_UNUSED_VARIABLE = YES;
				IPHONEOS_DEPLOYMENT_TARGET = 15.0;
				MTL_ENABLE_DEBUG_INFO = INCLUDE_SOURCE;
				MTL_FAST_MATH = YES;
				ONLY_ACTIVE_ARCH = YES;
				SDKROOT = iphoneos;
				SWIFT_ACTIVE_COMPILATION_CONDITIONS = DEBUG;
				SWIFT_OPTIMIZATION_LEVEL = "-Onone";
			};
			name = Debug;
		};
		A6F2B5B82701339F00E6390F /* Release */ = {
			isa = XCBuildConfiguration;
			buildSettings = {
				ALWAYS_SEARCH_USER_PATHS = NO;
				CLANG_ANALYZER_NONNULL = YES;
				CLANG_ANALYZER_NUMBER_OBJECT_CONVERSION = YES_AGGRESSIVE;
				CLANG_CXX_LANGUAGE_STANDARD = "gnu++17";
				CLANG_CXX_LIBRARY = "libc++";
				CLANG_ENABLE_MODULES = YES;
				CLANG_ENABLE_OBJC_ARC = YES;
				CLANG_ENABLE_OBJC_WEAK = YES;
				CLANG_WARN_BLOCK_CAPTURE_AUTORELEASING = YES;
				CLANG_WARN_BOOL_CONVERSION = YES;
				CLANG_WARN_COMMA = YES;
				CLANG_WARN_CONSTANT_CONVERSION = YES;
				CLANG_WARN_DEPRECATED_OBJC_IMPLEMENTATIONS = YES;
				CLANG_WARN_DIRECT_OBJC_ISA_USAGE = YES_ERROR;
				CLANG_WARN_DOCUMENTATION_COMMENTS = YES;
				CLANG_WARN_EMPTY_BODY = YES;
				CLANG_WARN_ENUM_CONVERSION = YES;
				CLANG_WARN_INFINITE_RECURSION = YES;
				CLANG_WARN_INT_CONVERSION = YES;
				CLANG_WARN_NON_LITERAL_NULL_CONVERSION = YES;
				CLANG_WARN_OBJC_IMPLICIT_RETAIN_SELF = YES;
				CLANG_WARN_OBJC_LITERAL_CONVERSION = YES;
				CLANG_WARN_OBJC_ROOT_CLASS = YES_ERROR;
				CLANG_WARN_QUOTED_INCLUDE_IN_FRAMEWORK_HEADER = YES;
				CLANG_WARN_RANGE_LOOP_ANALYSIS = YES;
				CLANG_WARN_STRICT_PROTOTYPES = YES;
				CLANG_WARN_SUSPICIOUS_MOVE = YES;
				CLANG_WARN_UNGUARDED_AVAILABILITY = YES_AGGRESSIVE;
				CLANG_WARN_UNREACHABLE_CODE = YES;
				CLANG_WARN__DUPLICATE_METHOD_MATCH = YES;
				COPY_PHASE_STRIP = NO;
				DEBUG_INFORMATION_FORMAT = "dwarf-with-dsym";
				ENABLE_NS_ASSERTIONS = NO;
				ENABLE_STRICT_OBJC_MSGSEND = YES;
				GCC_C_LANGUAGE_STANDARD = gnu11;
				GCC_NO_COMMON_BLOCKS = YES;
				GCC_WARN_64_TO_32_BIT_CONVERSION = YES;
				GCC_WARN_ABOUT_RETURN_TYPE = YES_ERROR;
				GCC_WARN_UNDECLARED_SELECTOR = YES;
				GCC_WARN_UNINITIALIZED_AUTOS = YES_AGGRESSIVE;
				GCC_WARN_UNUSED_FUNCTION = YES;
				GCC_WARN_UNUSED_VARIABLE = YES;
				IPHONEOS_DEPLOYMENT_TARGET = 15.0;
				MTL_ENABLE_DEBUG_INFO = NO;
				MTL_FAST_MATH = YES;
				SDKROOT = iphoneos;
				SWIFT_COMPILATION_MODE = wholemodule;
				SWIFT_OPTIMIZATION_LEVEL = "-O";
				VALIDATE_PRODUCT = YES;
			};
			name = Release;
		};
		A6F2B5BA2701339F00E6390F /* Debug */ = {
			isa = XCBuildConfiguration;
			buildSettings = {
				ASSETCATALOG_COMPILER_APPICON_NAME = AppIcon;
				ASSETCATALOG_COMPILER_GLOBAL_ACCENT_COLOR_NAME = AccentColor;
				CODE_SIGN_STYLE = Automatic;
				CURRENT_PROJECT_VERSION = 1;
				DEVELOPMENT_ASSET_PATHS = "\"USSpending/Preview Content\"";
				DEVELOPMENT_TEAM = 5YND6U9843;
				ENABLE_PREVIEWS = YES;
				GENERATE_INFOPLIST_FILE = YES;
				INFOPLIST_KEY_UIApplicationSceneManifest_Generation = YES;
				INFOPLIST_KEY_UIApplicationSupportsIndirectInputEvents = YES;
				INFOPLIST_KEY_UILaunchScreen_Generation = YES;
				INFOPLIST_KEY_UISupportedInterfaceOrientations_iPad = "UIInterfaceOrientationPortrait UIInterfaceOrientationPortraitUpsideDown UIInterfaceOrientationLandscapeLeft UIInterfaceOrientationLandscapeRight";
				INFOPLIST_KEY_UISupportedInterfaceOrientations_iPhone = "UIInterfaceOrientationPortrait UIInterfaceOrientationLandscapeLeft UIInterfaceOrientationLandscapeRight";
				IPHONEOS_DEPLOYMENT_TARGET = 14.0;
				LD_RUNPATH_SEARCH_PATHS = (
					"$(inherited)",
					"@executable_path/Frameworks",
				);
				MARKETING_VERSION = 1.0;
				PRODUCT_BUNDLE_IDENTIFIER = com.JevonCharles.USSpending;
				PRODUCT_NAME = "$(TARGET_NAME)";
				SWIFT_EMIT_LOC_STRINGS = YES;
				SWIFT_VERSION = 5.0;
				TARGETED_DEVICE_FAMILY = "1,2";
			};
			name = Debug;
		};
		A6F2B5BB2701339F00E6390F /* Release */ = {
			isa = XCBuildConfiguration;
			buildSettings = {
				ASSETCATALOG_COMPILER_APPICON_NAME = AppIcon;
				ASSETCATALOG_COMPILER_GLOBAL_ACCENT_COLOR_NAME = AccentColor;
				CODE_SIGN_STYLE = Automatic;
				CURRENT_PROJECT_VERSION = 1;
				DEVELOPMENT_ASSET_PATHS = "\"USSpending/Preview Content\"";
				DEVELOPMENT_TEAM = 5YND6U9843;
				ENABLE_PREVIEWS = YES;
				GENERATE_INFOPLIST_FILE = YES;
				INFOPLIST_KEY_UIApplicationSceneManifest_Generation = YES;
				INFOPLIST_KEY_UIApplicationSupportsIndirectInputEvents = YES;
				INFOPLIST_KEY_UILaunchScreen_Generation = YES;
				INFOPLIST_KEY_UISupportedInterfaceOrientations_iPad = "UIInterfaceOrientationPortrait UIInterfaceOrientationPortraitUpsideDown UIInterfaceOrientationLandscapeLeft UIInterfaceOrientationLandscapeRight";
				INFOPLIST_KEY_UISupportedInterfaceOrientations_iPhone = "UIInterfaceOrientationPortrait UIInterfaceOrientationLandscapeLeft UIInterfaceOrientationLandscapeRight";
				IPHONEOS_DEPLOYMENT_TARGET = 14.0;
				LD_RUNPATH_SEARCH_PATHS = (
					"$(inherited)",
					"@executable_path/Frameworks",
				);
				MARKETING_VERSION = 1.0;
				PRODUCT_BUNDLE_IDENTIFIER = com.JevonCharles.USSpending;
				PRODUCT_NAME = "$(TARGET_NAME)";
				SWIFT_EMIT_LOC_STRINGS = YES;
				SWIFT_VERSION = 5.0;
				TARGETED_DEVICE_FAMILY = "1,2";
			};
			name = Release;
		};
		A6F2B5BD2701339F00E6390F /* Debug */ = {
			isa = XCBuildConfiguration;
			buildSettings = {
				ALWAYS_EMBED_SWIFT_STANDARD_LIBRARIES = YES;
				BUNDLE_LOADER = "$(TEST_HOST)";
				CODE_SIGN_STYLE = Automatic;
				CURRENT_PROJECT_VERSION = 1;
				DEVELOPMENT_TEAM = 5YND6U9843;
				GENERATE_INFOPLIST_FILE = YES;
				IPHONEOS_DEPLOYMENT_TARGET = 14.0;
				LD_RUNPATH_SEARCH_PATHS = (
					"$(inherited)",
					"@executable_path/Frameworks",
					"@loader_path/Frameworks",
				);
				MARKETING_VERSION = 1.0;
				PRODUCT_BUNDLE_IDENTIFIER = com.JevonCharles.USSpendingTests;
				PRODUCT_NAME = "$(TARGET_NAME)";
				SWIFT_EMIT_LOC_STRINGS = NO;
				SWIFT_VERSION = 5.0;
				TARGETED_DEVICE_FAMILY = "1,2";
				TEST_HOST = "$(BUILT_PRODUCTS_DIR)/USSpending.app/USSpending";
			};
			name = Debug;
		};
		A6F2B5BE2701339F00E6390F /* Release */ = {
			isa = XCBuildConfiguration;
			buildSettings = {
				ALWAYS_EMBED_SWIFT_STANDARD_LIBRARIES = YES;
				BUNDLE_LOADER = "$(TEST_HOST)";
				CODE_SIGN_STYLE = Automatic;
				CURRENT_PROJECT_VERSION = 1;
				DEVELOPMENT_TEAM = 5YND6U9843;
				GENERATE_INFOPLIST_FILE = YES;
				IPHONEOS_DEPLOYMENT_TARGET = 14.0;
				LD_RUNPATH_SEARCH_PATHS = (
					"$(inherited)",
					"@executable_path/Frameworks",
					"@loader_path/Frameworks",
				);
				MARKETING_VERSION = 1.0;
				PRODUCT_BUNDLE_IDENTIFIER = com.JevonCharles.USSpendingTests;
				PRODUCT_NAME = "$(TARGET_NAME)";
				SWIFT_EMIT_LOC_STRINGS = NO;
				SWIFT_VERSION = 5.0;
				TARGETED_DEVICE_FAMILY = "1,2";
				TEST_HOST = "$(BUILT_PRODUCTS_DIR)/USSpending.app/USSpending";
			};
			name = Release;
		};
		A6F2B5C02701339F00E6390F /* Debug */ = {
			isa = XCBuildConfiguration;
			buildSettings = {
				ALWAYS_EMBED_SWIFT_STANDARD_LIBRARIES = YES;
				CODE_SIGN_STYLE = Automatic;
				CURRENT_PROJECT_VERSION = 1;
				DEVELOPMENT_TEAM = 5YND6U9843;
				GENERATE_INFOPLIST_FILE = YES;
				LD_RUNPATH_SEARCH_PATHS = (
					"$(inherited)",
					"@executable_path/Frameworks",
					"@loader_path/Frameworks",
				);
				MARKETING_VERSION = 1.0;
				PRODUCT_BUNDLE_IDENTIFIER = com.JevonCharles.USSpendingUITests;
				PRODUCT_NAME = "$(TARGET_NAME)";
				SWIFT_EMIT_LOC_STRINGS = NO;
				SWIFT_VERSION = 5.0;
				TARGETED_DEVICE_FAMILY = "1,2";
				TEST_TARGET_NAME = USSpending;
			};
			name = Debug;
		};
		A6F2B5C12701339F00E6390F /* Release */ = {
			isa = XCBuildConfiguration;
			buildSettings = {
				ALWAYS_EMBED_SWIFT_STANDARD_LIBRARIES = YES;
				CODE_SIGN_STYLE = Automatic;
				CURRENT_PROJECT_VERSION = 1;
				DEVELOPMENT_TEAM = 5YND6U9843;
				GENERATE_INFOPLIST_FILE = YES;
				LD_RUNPATH_SEARCH_PATHS = (
					"$(inherited)",
					"@executable_path/Frameworks",
					"@loader_path/Frameworks",
				);
				MARKETING_VERSION = 1.0;
				PRODUCT_BUNDLE_IDENTIFIER = com.JevonCharles.USSpendingUITests;
				PRODUCT_NAME = "$(TARGET_NAME)";
				SWIFT_EMIT_LOC_STRINGS = NO;
				SWIFT_VERSION = 5.0;
				TARGETED_DEVICE_FAMILY = "1,2";
				TEST_TARGET_NAME = USSpending;
			};
			name = Release;
		};
/* End XCBuildConfiguration section */

/* Begin XCConfigurationList section */
		A6F2B5902701339B00E6390F /* Build configuration list for PBXProject "USSpending" */ = {
			isa = XCConfigurationList;
			buildConfigurations = (
				A6F2B5B72701339F00E6390F /* Debug */,
				A6F2B5B82701339F00E6390F /* Release */,
			);
			defaultConfigurationIsVisible = 0;
			defaultConfigurationName = Release;
		};
		A6F2B5B92701339F00E6390F /* Build configuration list for PBXNativeTarget "USSpending" */ = {
			isa = XCConfigurationList;
			buildConfigurations = (
				A6F2B5BA2701339F00E6390F /* Debug */,
				A6F2B5BB2701339F00E6390F /* Release */,
			);
			defaultConfigurationIsVisible = 0;
			defaultConfigurationName = Release;
		};
		A6F2B5BC2701339F00E6390F /* Build configuration list for PBXNativeTarget "USSpendingTests" */ = {
			isa = XCConfigurationList;
			buildConfigurations = (
				A6F2B5BD2701339F00E6390F /* Debug */,
				A6F2B5BE2701339F00E6390F /* Release */,
			);
			defaultConfigurationIsVisible = 0;
			defaultConfigurationName = Release;
		};
		A6F2B5BF2701339F00E6390F /* Build configuration list for PBXNativeTarget "USSpendingUITests" */ = {
			isa = XCConfigurationList;
			buildConfigurations = (
				A6F2B5C02701339F00E6390F /* Debug */,
				A6F2B5C12701339F00E6390F /* Release */,
			);
			defaultConfigurationIsVisible = 0;
			defaultConfigurationName = Release;
		};
/* End XCConfigurationList section */
	};
	rootObject = A6F2B58D2701339B00E6390F /* Project object */;
}
